
Microsoft Visual Studio Solution File, Format Version 12.00
# Visual Studio Version 17
VisualStudioVersion = 17.12.35707.178
MinimumVisualStudioVersion = 10.0.40219.1
Project("{FAE04EC0-301F-11D3-BF4B-00C04F79EFBC}") = "ZorgmaatjeWebApi", "WereldbouwerAPI\ZorgmaatjeWebApi.csproj", "{527F55EB-59F0-4A52-B532-40970AC6E4FF}"
EndProject
Project("{FAE04EC0-301F-11D3-BF4B-00C04F79EFBC}") = "ZorgmaatjeTests", "ZorgmaatjeTests\ZorgmaatjeTests.csproj", "{BA8362AA-E54D-4293-B3EE-DFB6FB1D6665}"
EndProject
Global
	GlobalSection(SolutionConfigurationPlatforms) = preSolution
		Debug|Any CPU = Debug|Any CPU
		Release|Any CPU = Release|Any CPU
	EndGlobalSection
	GlobalSection(ProjectConfigurationPlatforms) = postSolution
		{527F55EB-59F0-4A52-B532-40970AC6E4FF}.Debug|Any CPU.ActiveCfg = Debug|Any CPU
		{527F55EB-59F0-4A52-B532-40970AC6E4FF}.Debug|Any CPU.Build.0 = Debug|Any CPU
		{527F55EB-59F0-4A52-B532-40970AC6E4FF}.Release|Any CPU.ActiveCfg = Release|Any CPU
		{527F55EB-59F0-4A52-B532-40970AC6E4FF}.Release|Any CPU.Build.0 = Release|Any CPU
		{BA8362AA-E54D-4293-B3EE-DFB6FB1D6665}.Debug|Any CPU.ActiveCfg = Debug|Any CPU
		{BA8362AA-E54D-4293-B3EE-DFB6FB1D6665}.Debug|Any CPU.Build.0 = Debug|Any CPU
		{BA8362AA-E54D-4293-B3EE-DFB6FB1D6665}.Release|Any CPU.ActiveCfg = Release|Any CPU
		{BA8362AA-E54D-4293-B3EE-DFB6FB1D6665}.Release|Any CPU.Build.0 = Release|Any CPU
	EndGlobalSection
	GlobalSection(SolutionProperties) = preSolution
		HideSolutionNode = FALSE
	EndGlobalSection
	GlobalSection(ExtensibilityGlobals) = postSolution
		SolutionGuid = {54195E01-7CCA-4B16-8F10-CAB7A68EA961}
	EndGlobalSection
EndGlobal
